
Microsoft Visual Studio Solution File, Format Version 12.00
# Visual Studio Version 16
VisualStudioVersion = 16.0.30717.126
MinimumVisualStudioVersion = 10.0.40219.1
Project("{FAE04EC0-301F-11D3-BF4B-00C04F79EFBC}") = "PGMCLIP", "PGMCLIP\PGMCLIP.csproj", "{AC290DF0-8E28-4AF0-9021-A32D023E5E6B}"
EndProject
Global
	GlobalSection(SolutionConfigurationPlatforms) = preSolution
		Debug|Any CPU = Debug|Any CPU
		Release|Any CPU = Release|Any CPU
	EndGlobalSection
	GlobalSection(ProjectConfigurationPlatforms) = postSolution
		{AC290DF0-8E28-4AF0-9021-A32D023E5E6B}.Debug|Any CPU.ActiveCfg = Debug|Any CPU
		{AC290DF0-8E28-4AF0-9021-A32D023E5E6B}.Debug|Any CPU.Build.0 = Debug|Any CPU
		{AC290DF0-8E28-4AF0-9021-A32D023E5E6B}.Release|Any CPU.ActiveCfg = Release|Any CPU
		{AC290DF0-8E28-4AF0-9021-A32D023E5E6B}.Release|Any CPU.Build.0 = Release|Any CPU
	EndGlobalSection
	GlobalSection(SolutionProperties) = preSolution
		HideSolutionNode = FALSE
	EndGlobalSection
	GlobalSection(ExtensibilityGlobals) = postSolution
		SolutionGuid = {2F535DAC-D88F-4398-91BD-7A1869361037}
	EndGlobalSection
EndGlobal
